PODS:
  - Mantle (1.5.1):
    - Mantle/extobjc
  - Mantle/extobjc (1.5.1)
  - URLMock/TestHelpers (1.1.2)

DEPENDENCIES:
  - Mantle (~> 1.5.0)
  - URLMock/TestHelpers (~> 1.1.2)

SPEC CHECKSUMS:
  Mantle: d7c5ac734579ec751c58fecbf56189853056c58c
  URLMock: e01bb3f903f8372215262dad843dcef54678b50b

COCOAPODS: 0.33.1
